{
  "version": 4,
  "terraform_version": "1.2.0",
  "serial": 377,
  "lineage": "a347cf08-6406-ce9b-b46d-bf39136ff87e",
  "outputs": {},
  "resources": [
    {
      "module": "module.vpc",
      "mode": "managed",
      "type": "aws_vpc",
      "name": "this",
      "provider": "provider[\"registry.terraform.io/hashicorp/aws\"]",
      "instances": [
        {
          "index_key": 0,
          "schema_version": 1,
          "attributes": {
            "arn": "arn:aws:ec2:ap-northeast-2:692609349536:vpc/vpc-0ce9168d0181f913e",
            "assign_generated_ipv6_cidr_block": false,
            "cidr_block": "10.194.0.0/16",
            "default_network_acl_id": "acl-044dd41aca928ad11",
            "default_route_table_id": "rtb-0897c7660ebc2ed5a",
            "default_security_group_id": "sg-0196b9fd89cf9726c",
            "dhcp_options_id": "dopt-df77f9b4",
            "enable_classiclink": false,
            "enable_classiclink_dns_support": false,
            "enable_dns_hostnames": false,
            "enable_dns_support": true,
            "id": "vpc-0ce9168d0181f913e",
            "instance_tenancy": "default",
            "ipv4_ipam_pool_id": null,
            "ipv4_netmask_length": null,
            "ipv6_association_id": "",
            "ipv6_cidr_block": "",
            "ipv6_cidr_block_network_border_group": "",
            "ipv6_ipam_pool_id": "",
            "ipv6_netmask_length": 0,
            "main_route_table_id": "rtb-0897c7660ebc2ed5a",
            "owner_id": "692609349536",
            "tags": {
              "Name": "hgjo-eks-practice-7"
            },
            "tags_all": {
              "Name": "hgjo-eks-practice-7"
            }
          },
          "sensitive_attributes": [],
          "private": "eyJzY2hlbWFfdmVyc2lvbiI6IjEifQ==",
          "create_before_destroy": true
        }
      ]
    }
  ]
}
